
Microsoft Visual Studio Solution File, Format Version 12.00
# Visual Studio Version 16
VisualStudioVersion = 16.0.31105.61
MinimumVisualStudioVersion = 10.0.40219.1
Project("{FAE04EC0-301F-11D3-BF4B-00C04F79EFBC}") = "Terrain Generator", "Terrain Generator\Terrain Generator.csproj", "{A09F63B1-0D9F-4EC9-8367-20A5166B751B}"
EndProject
Global
	GlobalSection(SolutionConfigurationPlatforms) = preSolution
		Debug|Any CPU = Debug|Any CPU
		Release|Any CPU = Release|Any CPU
	EndGlobalSection
	GlobalSection(ProjectConfigurationPlatforms) = postSolution
		{A09F63B1-0D9F-4EC9-8367-20A5166B751B}.Debug|Any CPU.ActiveCfg = Debug|Any CPU
		{A09F63B1-0D9F-4EC9-8367-20A5166B751B}.Debug|Any CPU.Build.0 = Debug|Any CPU
		{A09F63B1-0D9F-4EC9-8367-20A5166B751B}.Release|Any CPU.ActiveCfg = Release|Any CPU
		{A09F63B1-0D9F-4EC9-8367-20A5166B751B}.Release|Any CPU.Build.0 = Release|Any CPU
	EndGlobalSection
	GlobalSection(SolutionProperties) = preSolution
		HideSolutionNode = FALSE
	EndGlobalSection
	GlobalSection(ExtensibilityGlobals) = postSolution
		SolutionGuid = {8D3E4507-D46A-4ECB-98E3-C2C94682CB60}
	EndGlobalSection
EndGlobal
