
Microsoft Visual Studio Solution File, Format Version 12.00
# Visual Studio 15
VisualStudioVersion = 15.0.27428.2043
MinimumVisualStudioVersion = 10.0.40219.1
Project("{FAE04EC0-301F-11D3-BF4B-00C04F79EFBC}") = "Minefield", "Minefield\Minefield.csproj", "{51BAC9BB-EB3C-40BC-93CE-F32A9B202A5A}"
EndProject
Global
	GlobalSection(SolutionConfigurationPlatforms) = preSolution
		Debug|Any CPU = Debug|Any CPU
		Release|Any CPU = Release|Any CPU
	EndGlobalSection
	GlobalSection(ProjectConfigurationPlatforms) = postSolution
		{51BAC9BB-EB3C-40BC-93CE-F32A9B202A5A}.Debug|Any CPU.ActiveCfg = Debug|Any CPU
		{51BAC9BB-EB3C-40BC-93CE-F32A9B202A5A}.Debug|Any CPU.Build.0 = Debug|Any CPU
		{51BAC9BB-EB3C-40BC-93CE-F32A9B202A5A}.Release|Any CPU.ActiveCfg = Release|Any CPU
		{51BAC9BB-EB3C-40BC-93CE-F32A9B202A5A}.Release|Any CPU.Build.0 = Release|Any CPU
	EndGlobalSection
	GlobalSection(SolutionProperties) = preSolution
		HideSolutionNode = FALSE
	EndGlobalSection
	GlobalSection(ExtensibilityGlobals) = postSolution
		SolutionGuid = {F734543A-AB6E-4460-98DC-679CFC960592}
	EndGlobalSection
EndGlobal
