
Microsoft Visual Studio Solution File, Format Version 12.00
# Visual Studio 15
VisualStudioVersion = 15.0.27130.2027
MinimumVisualStudioVersion = 10.0.40219.1
Project("{FAE04EC0-301F-11D3-BF4B-00C04F79EFBC}") = "VoiceBot", "VoiceBot\VoiceBot.csproj", "{F43DB47F-0831-4DEB-8C6E-C17A4058C92E}"
EndProject
Global
	GlobalSection(SolutionConfigurationPlatforms) = preSolution
		Debug|Any CPU = Debug|Any CPU
		Release|Any CPU = Release|Any CPU
	EndGlobalSection
	GlobalSection(ProjectConfigurationPlatforms) = postSolution
		{F43DB47F-0831-4DEB-8C6E-C17A4058C92E}.Debug|Any CPU.ActiveCfg = Debug|Any CPU
		{F43DB47F-0831-4DEB-8C6E-C17A4058C92E}.Debug|Any CPU.Build.0 = Debug|Any CPU
		{F43DB47F-0831-4DEB-8C6E-C17A4058C92E}.Release|Any CPU.ActiveCfg = Release|Any CPU
		{F43DB47F-0831-4DEB-8C6E-C17A4058C92E}.Release|Any CPU.Build.0 = Release|Any CPU
	EndGlobalSection
	GlobalSection(SolutionProperties) = preSolution
		HideSolutionNode = FALSE
	EndGlobalSection
	GlobalSection(ExtensibilityGlobals) = postSolution
		SolutionGuid = {CE742B0A-2A69-4F96-BB5E-CE6FA3D5FC5A}
	EndGlobalSection
EndGlobal
