
Microsoft Visual Studio Solution File, Format Version 12.00
# Visual Studio 15
VisualStudioVersion = 15.0.28010.2050
MinimumVisualStudioVersion = 10.0.40219.1
Project("{FAE04EC0-301F-11D3-BF4B-00C04F79EFBC}") = "testiranje tijana", "testiranje tijana\testiranje tijana.csproj", "{63721300-02D3-4D06-9B47-3C71408E8D4A}"
EndProject
Global
	GlobalSection(SolutionConfigurationPlatforms) = preSolution
		Debug|Any CPU = Debug|Any CPU
		Release|Any CPU = Release|Any CPU
	EndGlobalSection
	GlobalSection(ProjectConfigurationPlatforms) = postSolution
		{63721300-02D3-4D06-9B47-3C71408E8D4A}.Debug|Any CPU.ActiveCfg = Debug|Any CPU
		{63721300-02D3-4D06-9B47-3C71408E8D4A}.Debug|Any CPU.Build.0 = Debug|Any CPU
		{63721300-02D3-4D06-9B47-3C71408E8D4A}.Release|Any CPU.ActiveCfg = Release|Any CPU
		{63721300-02D3-4D06-9B47-3C71408E8D4A}.Release|Any CPU.Build.0 = Release|Any CPU
	EndGlobalSection
	GlobalSection(SolutionProperties) = preSolution
		HideSolutionNode = FALSE
	EndGlobalSection
	GlobalSection(ExtensibilityGlobals) = postSolution
		SolutionGuid = {D63383BE-F661-430D-A57D-3717AF346FB4}
	EndGlobalSection
EndGlobal
