
Microsoft Visual Studio Solution File, Format Version 12.00
# Visual Studio 15
VisualStudioVersion = 15.0.27428.2037
MinimumVisualStudioVersion = 10.0.40219.1
Project("{FAE04EC0-301F-11D3-BF4B-00C04F79EFBC}") = "MonteHall", "MonteHall\MonteHall.csproj", "{2C3337D4-F67D-40BF-AB6B-06749604CA09}"
EndProject
Global
	GlobalSection(SolutionConfigurationPlatforms) = preSolution
		Debug|Any CPU = Debug|Any CPU
		Release|Any CPU = Release|Any CPU
	EndGlobalSection
	GlobalSection(ProjectConfigurationPlatforms) = postSolution
		{2C3337D4-F67D-40BF-AB6B-06749604CA09}.Debug|Any CPU.ActiveCfg = Debug|Any CPU
		{2C3337D4-F67D-40BF-AB6B-06749604CA09}.Debug|Any CPU.Build.0 = Debug|Any CPU
		{2C3337D4-F67D-40BF-AB6B-06749604CA09}.Release|Any CPU.ActiveCfg = Release|Any CPU
		{2C3337D4-F67D-40BF-AB6B-06749604CA09}.Release|Any CPU.Build.0 = Release|Any CPU
	EndGlobalSection
	GlobalSection(SolutionProperties) = preSolution
		HideSolutionNode = FALSE
	EndGlobalSection
	GlobalSection(ExtensibilityGlobals) = postSolution
		SolutionGuid = {632A7B32-DB49-4C73-AE96-0A6524D6401C}
	EndGlobalSection
EndGlobal
