
Microsoft Visual Studio Solution File, Format Version 12.00
# Visual Studio 15
VisualStudioVersion = 15.0.27428.2002
MinimumVisualStudioVersion = 10.0.40219.1
Project("{FAE04EC0-301F-11D3-BF4B-00C04F79EFBC}") = "passwordcrack", "passwordcrack\passwordcrack.csproj", "{6F461475-2461-403F-A19D-E5615C439314}"
EndProject
Global
	GlobalSection(SolutionConfigurationPlatforms) = preSolution
		Debug|Any CPU = Debug|Any CPU
		Release|Any CPU = Release|Any CPU
	EndGlobalSection
	GlobalSection(ProjectConfigurationPlatforms) = postSolution
		{6F461475-2461-403F-A19D-E5615C439314}.Debug|Any CPU.ActiveCfg = Debug|Any CPU
		{6F461475-2461-403F-A19D-E5615C439314}.Debug|Any CPU.Build.0 = Debug|Any CPU
		{6F461475-2461-403F-A19D-E5615C439314}.Release|Any CPU.ActiveCfg = Release|Any CPU
		{6F461475-2461-403F-A19D-E5615C439314}.Release|Any CPU.Build.0 = Release|Any CPU
	EndGlobalSection
	GlobalSection(SolutionProperties) = preSolution
		HideSolutionNode = FALSE
	EndGlobalSection
	GlobalSection(ExtensibilityGlobals) = postSolution
		SolutionGuid = {7059C11A-9C80-483D-889E-BC5410A3D59D}
	EndGlobalSection
EndGlobal
