
Microsoft Visual Studio Solution File, Format Version 12.00
# Visual Studio 15
VisualStudioVersion = 15.0.28010.2003
MinimumVisualStudioVersion = 10.0.40219.1
Project("{FAE04EC0-301F-11D3-BF4B-00C04F79EFBC}") = "KeyLogger", "KeyLogger\KeyLogger.csproj", "{B17A8EF1-9C28-4603-BDE6-AD5237402DE9}"
EndProject
Global
	GlobalSection(SolutionConfigurationPlatforms) = preSolution
		Debug|Any CPU = Debug|Any CPU
		Release|Any CPU = Release|Any CPU
	EndGlobalSection
	GlobalSection(ProjectConfigurationPlatforms) = postSolution
		{B17A8EF1-9C28-4603-BDE6-AD5237402DE9}.Debug|Any CPU.ActiveCfg = Debug|Any CPU
		{B17A8EF1-9C28-4603-BDE6-AD5237402DE9}.Debug|Any CPU.Build.0 = Debug|Any CPU
		{B17A8EF1-9C28-4603-BDE6-AD5237402DE9}.Release|Any CPU.ActiveCfg = Release|Any CPU
		{B17A8EF1-9C28-4603-BDE6-AD5237402DE9}.Release|Any CPU.Build.0 = Release|Any CPU
	EndGlobalSection
	GlobalSection(SolutionProperties) = preSolution
		HideSolutionNode = FALSE
	EndGlobalSection
	GlobalSection(ExtensibilityGlobals) = postSolution
		SolutionGuid = {F9B1A29B-A9E1-457C-AFC4-DE26B5C74493}
	EndGlobalSection
EndGlobal
