
Microsoft Visual Studio Solution File, Format Version 12.00
# Visual Studio 15
VisualStudioVersion = 15.0.28010.2050
MinimumVisualStudioVersion = 10.0.40219.1
Project("{FAE04EC0-301F-11D3-BF4B-00C04F79EFBC}") = "Game1", "Game1\Game1.csproj", "{18D48E21-C003-4644-B40C-B103FCCD3BBA}"
EndProject
Global
	GlobalSection(SolutionConfigurationPlatforms) = preSolution
		Debug|Any CPU = Debug|Any CPU
		Release|Any CPU = Release|Any CPU
	EndGlobalSection
	GlobalSection(ProjectConfigurationPlatforms) = postSolution
		{18D48E21-C003-4644-B40C-B103FCCD3BBA}.Debug|Any CPU.ActiveCfg = Debug|Any CPU
		{18D48E21-C003-4644-B40C-B103FCCD3BBA}.Debug|Any CPU.Build.0 = Debug|Any CPU
		{18D48E21-C003-4644-B40C-B103FCCD3BBA}.Release|Any CPU.ActiveCfg = Release|Any CPU
		{18D48E21-C003-4644-B40C-B103FCCD3BBA}.Release|Any CPU.Build.0 = Release|Any CPU
	EndGlobalSection
	GlobalSection(SolutionProperties) = preSolution
		HideSolutionNode = FALSE
	EndGlobalSection
	GlobalSection(ExtensibilityGlobals) = postSolution
		SolutionGuid = {57A30E1E-9000-4E0A-AE40-16CCC3710A75}
	EndGlobalSection
EndGlobal
