
Microsoft Visual Studio Solution File, Format Version 12.00
# Visual Studio 15
VisualStudioVersion = 15.0.27428.2011
MinimumVisualStudioVersion = 10.0.40219.1
Project("{FAE04EC0-301F-11D3-BF4B-00C04F79EFBC}") = "passwordcrack2.0", "passwordcrack2.0\passwordcrack2.0.csproj", "{A80BBF05-7AB0-4412-B09C-F976EC69D65E}"
EndProject
Global
	GlobalSection(SolutionConfigurationPlatforms) = preSolution
		Debug|Any CPU = Debug|Any CPU
		Release|Any CPU = Release|Any CPU
	EndGlobalSection
	GlobalSection(ProjectConfigurationPlatforms) = postSolution
		{A80BBF05-7AB0-4412-B09C-F976EC69D65E}.Debug|Any CPU.ActiveCfg = Debug|Any CPU
		{A80BBF05-7AB0-4412-B09C-F976EC69D65E}.Debug|Any CPU.Build.0 = Debug|Any CPU
		{A80BBF05-7AB0-4412-B09C-F976EC69D65E}.Release|Any CPU.ActiveCfg = Release|Any CPU
		{A80BBF05-7AB0-4412-B09C-F976EC69D65E}.Release|Any CPU.Build.0 = Release|Any CPU
	EndGlobalSection
	GlobalSection(SolutionProperties) = preSolution
		HideSolutionNode = FALSE
	EndGlobalSection
	GlobalSection(ExtensibilityGlobals) = postSolution
		SolutionGuid = {E5D57685-BEB8-45BC-847A-D8885F6BB59F}
	EndGlobalSection
EndGlobal
