
Microsoft Visual Studio Solution File, Format Version 12.00
# Visual Studio 15
VisualStudioVersion = 15.0.27428.2037
MinimumVisualStudioVersion = 10.0.40219.1
Project("{FAE04EC0-301F-11D3-BF4B-00C04F79EFBC}") = "Paint", "Paint\Paint.csproj", "{16529E49-576C-439E-B4B2-C9B3D8C20F59}"
EndProject
Global
	GlobalSection(SolutionConfigurationPlatforms) = preSolution
		Debug|Any CPU = Debug|Any CPU
		Release|Any CPU = Release|Any CPU
	EndGlobalSection
	GlobalSection(ProjectConfigurationPlatforms) = postSolution
		{16529E49-576C-439E-B4B2-C9B3D8C20F59}.Debug|Any CPU.ActiveCfg = Debug|Any CPU
		{16529E49-576C-439E-B4B2-C9B3D8C20F59}.Debug|Any CPU.Build.0 = Debug|Any CPU
		{16529E49-576C-439E-B4B2-C9B3D8C20F59}.Release|Any CPU.ActiveCfg = Release|Any CPU
		{16529E49-576C-439E-B4B2-C9B3D8C20F59}.Release|Any CPU.Build.0 = Release|Any CPU
	EndGlobalSection
	GlobalSection(SolutionProperties) = preSolution
		HideSolutionNode = FALSE
	EndGlobalSection
	GlobalSection(ExtensibilityGlobals) = postSolution
		SolutionGuid = {7A791AC6-AB90-4C14-89BD-859A70ABD248}
	EndGlobalSection
EndGlobal
